schema: '2.0'
stages:
  load_data:
    cmd: python src/stage_01_load_save.py --config=config/config.yaml
    deps:
    - path: config/config.yaml
      md5: d7f71f399c60116b4099265ebc0eef4e
      size: 487
    - path: src/stage_01_load_save.py
      md5: 6d6917cdc5740c054ee89897b43f9554
      size: 1727
    - path: src/utils/all_utils.py
      md5: b194d55800edea23fc9f4846c2c87a11
      size: 1000
    outs:
    - path: data
      md5: ce2e8c7274f7682e8882ed43d87bf2b7.dir
      size: 37934943
      nfiles: 277
  prepare_base_model:
    cmd: python src/stage_02_prepare_base_model.py --config=config/config.yaml --params=params.yaml
    deps:
    - path: config/config.yaml
      md5: d7f71f399c60116b4099265ebc0eef4e
      size: 487
    - path: src/stage_02_prepare_base_model.py
      md5: 0c0d2ff8ed4f2e7f7e10238a3d3d0261
      size: 2399
    - path: src/utils/all_utils.py
      md5: b194d55800edea23fc9f4846c2c87a11
      size: 1000
    - path: src/utils/models.py
      md5: 84761f6397c8e5a7840f03c03d039907
      size: 2098
    params:
      params.yaml:
        IMAGE_SIZE:
        - 224
        - 224
        - 3
        LEARNING_RATE: 0.001
    outs:
    - path: artifacts/base_model/VGG16_base_model.h5
      md5: 9a90d9cad3542d36d6eb520c341831e6
      size: 58921360
    - path: artifacts/base_model/updated_VGG16_base_model.h5
      md5: 238e25895a18d15080145ac85fd35c32
      size: 59125672
